
Microsoft Visual Studio Solution File, Format Version 12.00
# Visual Studio Version 17
VisualStudioVersion = 17.4.33122.133
MinimumVisualStudioVersion = 10.0.40219.1
Project("{FAE04EC0-301F-11D3-BF4B-00C04F79EFBC}") = "spare-parts-shopping", "spare-parts-shopping\spare-parts-shopping.csproj", "{D9731DEF-61A6-443B-AC7C-0D314682407C}"
EndProject
Global
	GlobalSection(SolutionConfigurationPlatforms) = preSolution
		Debug|Any CPU = Debug|Any CPU
		Release|Any CPU = Release|Any CPU
	EndGlobalSection
	GlobalSection(ProjectConfigurationPlatforms) = postSolution
		{D9731DEF-61A6-443B-AC7C-0D314682407C}.Debug|Any CPU.ActiveCfg = Debug|Any CPU
		{D9731DEF-61A6-443B-AC7C-0D314682407C}.Debug|Any CPU.Build.0 = Debug|Any CPU
		{D9731DEF-61A6-443B-AC7C-0D314682407C}.Release|Any CPU.ActiveCfg = Release|Any CPU
		{D9731DEF-61A6-443B-AC7C-0D314682407C}.Release|Any CPU.Build.0 = Release|Any CPU
	EndGlobalSection
	GlobalSection(SolutionProperties) = preSolution
		HideSolutionNode = FALSE
	EndGlobalSection
	GlobalSection(ExtensibilityGlobals) = postSolution
		SolutionGuid = {EBC596E2-58A4-4A5B-89CC-BD779B716346}
	EndGlobalSection
EndGlobal
